%{
  "interactive_cmd": {:hex, :interactive_cmd, "0.1.4", "398b517b88fc0e4a7dc4ece883bf952995b859a406331626f3c94a1f680657e4", [:mix], [], "hexpm", "d2089b3827f6b21e48ac85a59441211dacda5c0702ab6f590f2117990968a571"},
  "nerves": {:hex, :nerves, "2.0.0-pre.3", "658c6e26bef0aec0a8e9d2baf3e29daceee238cd30a6863a8f7e243d14efdceb", [:make, :mix], [{:interactive_cmd, "~> 0.1", [hex: :interactive_cmd, repo: "hexpm", optional: false]}, {:nerves_discovery, "~> 0.1.5", [hex: :nerves_discovery, repo: "hexpm", optional: false]}, {:tablet, "~> 0.3.1", [hex: :tablet, repo: "hexpm", optional: false]}], "hexpm", "5a0c548eb3636c94dcbad65475bb4fb76b6d55f570210d49d571d46f3f4073a8"},
  "nerves_discovery": {:hex, :nerves_discovery, "0.1.5", "2f0ff379818970b5d9a64c05d7a3b2b4d064d7f5dc6400825ba7da9b47da1105", [:mix], [], "hexpm", "aa16d2da754fb95a0212d8c77ca9d672184bc38c45cfcca40024832cc6c217f5"},
  "nerves_system_br": {:hex, :nerves_system_br, "1.34.5", "16011780f72f841623b87aa81b71d78dc07d8b25e529dce17542ba56c27acac3", [:mix], [], "hexpm", "b830b5a000c5cc633869eabd0304c0d0d00e178af115776138d227589a0d6f1b"},
  "nerves_system_linter": {:hex, :nerves_system_linter, "0.4.2", "b5e9fd8932dae7c69af1e3f3b02ffe3a2685a5adacba40a6ea44fd1e74897d21", [:mix], [], "hexpm", "bb93e8d2cccd75943c6278795b712d045741d7d756b971299b4adc933c0995d2"},
  "nerves_toolchain_armv7_nerves_linux_gnueabihf": {:hex, :nerves_toolchain_armv7_nerves_linux_gnueabihf, "15.3.1", "de5fbc5dde4f1d9349a68f6f73639034155648d78149bf5d1fb5d47a7505f246", [:mix], [{:nerves, "~> 1.13 or ~> 2.0-dev", [hex: :nerves, repo: "hexpm", optional: false]}], "hexpm", "a2a2b6aff6cd0054d599b00a32dfa3670441d511db39b27f2da871ee9d27aafb"},
  "tablet": {:hex, :tablet, "0.3.3", "cf2975d34da2e26a42e0a09e3ac67e63171a3ad1a8da41be9c23ffda484eb84d", [:mix], [], "hexpm", "2701b7a6f8bca941ef036a982d7789a6aebd9e8802b2e26665391295935f4925"},
}
